
Microsoft Visual Studio Solution File, Format Version 12.00
# Visual Studio Version 17
VisualStudioVersion = 17.0.31903.59
MinimumVisualStudioVersion = 10.0.40219.1
Project("{2150E333-8FDC-42A3-9474-1A3956D46DE8}") = "src", "src", "{827E0CD3-B72D-47B6-A68D-7590B98EB39B}"
EndProject
Project("{FAE04EC0-301F-11D3-BF4B-00C04F79EFBC}") = "Quoridor.Core", "src\Quoridor.Core\Quoridor.Core.csproj", "{FB53E108-E3D6-42E0-9FB6-52F9479B9382}"
EndProject
Project("{FAE04EC0-301F-11D3-BF4B-00C04F79EFBC}") = "Quoridor.Engine", "src\Quoridor.Engine\Quoridor.Engine.csproj", "{5D59F798-3E0F-49B2-AF84-31EF48B05D34}"
EndProject
Project("{FAE04EC0-301F-11D3-BF4B-00C04F79EFBC}") = "Quoridor.Selftest", "tests\Quoridor.Selftest\Quoridor.Selftest.csproj", "{32147050-D78B-4A51-8D23-69F05C5BEED4}"
EndProject
Project("{FAE04EC0-301F-11D3-BF4B-00C04F79EFBC}") = "Quoridor.App", "src\Quoridor.App\Quoridor.App.csproj", "{924F05A1-A40C-400D-B33A-9FF7959D40A5}"
EndProject
Project("{2150E333-8FDC-42A3-9474-1A3956D46DE8}") = "tests", "tests", "{0AB3BF05-4346-4AA6-1389-037BE0695223}"
EndProject
Project("{FAE04EC0-301F-11D3-BF4B-00C04F79EFBC}") = "Quoridor.Bench", "tests\Quoridor.Bench\Quoridor.Bench.csproj", "{F0F1243E-C5BC-47CD-9BB0-5F1AE0CBBF3F}"
EndProject
Project("{FAE04EC0-301F-11D3-BF4B-00C04F79EFBC}") = "Quoridor.Web", "src\Quoridor.Web\Quoridor.Web.csproj", "{DCC65F3E-7FC1-4812-8503-1B6BDDAC4C6B}"
EndProject
Project("{FAE04EC0-301F-11D3-BF4B-00C04F79EFBC}") = "Quoridor.Session", "src\Quoridor.Session\Quoridor.Session.csproj", "{597F82FC-276A-4334-B5B9-C9A4CDB17116}"
EndProject
Project("{FAE04EC0-301F-11D3-BF4B-00C04F79EFBC}") = "Quoridor.Ui", "src\Quoridor.Ui\Quoridor.Ui.csproj", "{A301CFB3-9FFE-42E1-A986-3EF492EB7753}"
EndProject
Project("{FAE04EC0-301F-11D3-BF4B-00C04F79EFBC}") = "Quoridor.Droid", "src\Quoridor.Droid\Quoridor.Droid.csproj", "{0C75F76F-9034-4A97-9944-B9DF0DA55D07}"
EndProject
Global
	GlobalSection(SolutionConfigurationPlatforms) = preSolution
		Debug|Any CPU = Debug|Any CPU
		Debug|x64 = Debug|x64
		Debug|x86 = Debug|x86
		Release|Any CPU = Release|Any CPU
		Release|x64 = Release|x64
		Release|x86 = Release|x86
	EndGlobalSection
	GlobalSection(ProjectConfigurationPlatforms) = postSolution
		{FB53E108-E3D6-42E0-9FB6-52F9479B9382}.Debug|Any CPU.ActiveCfg = Debug|Any CPU
		{FB53E108-E3D6-42E0-9FB6-52F9479B9382}.Debug|Any CPU.Build.0 = Debug|Any CPU
		{FB53E108-E3D6-42E0-9FB6-52F9479B9382}.Debug|x64.ActiveCfg = Debug|Any CPU
		{FB53E108-E3D6-42E0-9FB6-52F9479B9382}.Debug|x64.Build.0 = Debug|Any CPU
		{FB53E108-E3D6-42E0-9FB6-52F9479B9382}.Debug|x86.ActiveCfg = Debug|Any CPU
		{FB53E108-E3D6-42E0-9FB6-52F9479B9382}.Debug|x86.Build.0 = Debug|Any CPU
		{FB53E108-E3D6-42E0-9FB6-52F9479B9382}.Release|Any CPU.ActiveCfg = Release|Any CPU
		{FB53E108-E3D6-42E0-9FB6-52F9479B9382}.Release|Any CPU.Build.0 = Release|Any CPU
		{FB53E108-E3D6-42E0-9FB6-52F9479B9382}.Release|x64.ActiveCfg = Release|Any CPU
		{FB53E108-E3D6-42E0-9FB6-52F9479B9382}.Release|x64.Build.0 = Release|Any CPU
		{FB53E108-E3D6-42E0-9FB6-52F9479B9382}.Release|x86.ActiveCfg = Release|Any CPU
		{FB53E108-E3D6-42E0-9FB6-52F9479B9382}.Release|x86.Build.0 = Release|Any CPU
		{5D59F798-3E0F-49B2-AF84-31EF48B05D34}.Debug|Any CPU.ActiveCfg = Debug|Any CPU
		{5D59F798-3E0F-49B2-AF84-31EF48B05D34}.Debug|Any CPU.Build.0 = Debug|Any CPU
		{5D59F798-3E0F-49B2-AF84-31EF48B05D34}.Debug|x64.ActiveCfg = Debug|Any CPU
		{5D59F798-3E0F-49B2-AF84-31EF48B05D34}.Debug|x64.Build.0 = Debug|Any CPU
		{5D59F798-3E0F-49B2-AF84-31EF48B05D34}.Debug|x86.ActiveCfg = Debug|Any CPU
		{5D59F798-3E0F-49B2-AF84-31EF48B05D34}.Debug|x86.Build.0 = Debug|Any CPU
		{5D59F798-3E0F-49B2-AF84-31EF48B05D34}.Release|Any CPU.ActiveCfg = Release|Any CPU
		{5D59F798-3E0F-49B2-AF84-31EF48B05D34}.Release|Any CPU.Build.0 = Release|Any CPU
		{5D59F798-3E0F-49B2-AF84-31EF48B05D34}.Release|x64.ActiveCfg = Release|Any CPU
		{5D59F798-3E0F-49B2-AF84-31EF48B05D34}.Release|x64.Build.0 = Release|Any CPU
		{5D59F798-3E0F-49B2-AF84-31EF48B05D34}.Release|x86.ActiveCfg = Release|Any CPU
		{5D59F798-3E0F-49B2-AF84-31EF48B05D34}.Release|x86.Build.0 = Release|Any CPU
		{32147050-D78B-4A51-8D23-69F05C5BEED4}.Debug|Any CPU.ActiveCfg = Debug|Any CPU
		{32147050-D78B-4A51-8D23-69F05C5BEED4}.Debug|Any CPU.Build.0 = Debug|Any CPU
		{32147050-D78B-4A51-8D23-69F05C5BEED4}.Debug|x64.ActiveCfg = Debug|Any CPU
		{32147050-D78B-4A51-8D23-69F05C5BEED4}.Debug|x64.Build.0 = Debug|Any CPU
		{32147050-D78B-4A51-8D23-69F05C5BEED4}.Debug|x86.ActiveCfg = Debug|Any CPU
		{32147050-D78B-4A51-8D23-69F05C5BEED4}.Debug|x86.Build.0 = Debug|Any CPU
		{32147050-D78B-4A51-8D23-69F05C5BEED4}.Release|Any CPU.ActiveCfg = Release|Any CPU
		{32147050-D78B-4A51-8D23-69F05C5BEED4}.Release|Any CPU.Build.0 = Release|Any CPU
		{32147050-D78B-4A51-8D23-69F05C5BEED4}.Release|x64.ActiveCfg = Release|Any CPU
		{32147050-D78B-4A51-8D23-69F05C5BEED4}.Release|x64.Build.0 = Release|Any CPU
		{32147050-D78B-4A51-8D23-69F05C5BEED4}.Release|x86.ActiveCfg = Release|Any CPU
		{32147050-D78B-4A51-8D23-69F05C5BEED4}.Release|x86.Build.0 = Release|Any CPU
		{924F05A1-A40C-400D-B33A-9FF7959D40A5}.Debug|Any CPU.ActiveCfg = Debug|Any CPU
		{924F05A1-A40C-400D-B33A-9FF7959D40A5}.Debug|Any CPU.Build.0 = Debug|Any CPU
		{924F05A1-A40C-400D-B33A-9FF7959D40A5}.Debug|x64.ActiveCfg = Debug|Any CPU
		{924F05A1-A40C-400D-B33A-9FF7959D40A5}.Debug|x64.Build.0 = Debug|Any CPU
		{924F05A1-A40C-400D-B33A-9FF7959D40A5}.Debug|x86.ActiveCfg = Debug|Any CPU
		{924F05A1-A40C-400D-B33A-9FF7959D40A5}.Debug|x86.Build.0 = Debug|Any CPU
		{924F05A1-A40C-400D-B33A-9FF7959D40A5}.Release|Any CPU.ActiveCfg = Release|Any CPU
		{924F05A1-A40C-400D-B33A-9FF7959D40A5}.Release|Any CPU.Build.0 = Release|Any CPU
		{924F05A1-A40C-400D-B33A-9FF7959D40A5}.Release|x64.ActiveCfg = Release|Any CPU
		{924F05A1-A40C-400D-B33A-9FF7959D40A5}.Release|x64.Build.0 = Release|Any CPU
		{924F05A1-A40C-400D-B33A-9FF7959D40A5}.Release|x86.ActiveCfg = Release|Any CPU
		{924F05A1-A40C-400D-B33A-9FF7959D40A5}.Release|x86.Build.0 = Release|Any CPU
		{F0F1243E-C5BC-47CD-9BB0-5F1AE0CBBF3F}.Debug|Any CPU.ActiveCfg = Debug|Any CPU
		{F0F1243E-C5BC-47CD-9BB0-5F1AE0CBBF3F}.Debug|Any CPU.Build.0 = Debug|Any CPU
		{F0F1243E-C5BC-47CD-9BB0-5F1AE0CBBF3F}.Debug|x64.ActiveCfg = Debug|Any CPU
		{F0F1243E-C5BC-47CD-9BB0-5F1AE0CBBF3F}.Debug|x64.Build.0 = Debug|Any CPU
		{F0F1243E-C5BC-47CD-9BB0-5F1AE0CBBF3F}.Debug|x86.ActiveCfg = Debug|Any CPU
		{F0F1243E-C5BC-47CD-9BB0-5F1AE0CBBF3F}.Debug|x86.Build.0 = Debug|Any CPU
		{F0F1243E-C5BC-47CD-9BB0-5F1AE0CBBF3F}.Release|Any CPU.ActiveCfg = Release|Any CPU
		{F0F1243E-C5BC-47CD-9BB0-5F1AE0CBBF3F}.Release|Any CPU.Build.0 = Release|Any CPU
		{F0F1243E-C5BC-47CD-9BB0-5F1AE0CBBF3F}.Release|x64.ActiveCfg = Release|Any CPU
		{F0F1243E-C5BC-47CD-9BB0-5F1AE0CBBF3F}.Release|x64.Build.0 = Release|Any CPU
		{F0F1243E-C5BC-47CD-9BB0-5F1AE0CBBF3F}.Release|x86.ActiveCfg = Release|Any CPU
		{F0F1243E-C5BC-47CD-9BB0-5F1AE0CBBF3F}.Release|x86.Build.0 = Release|Any CPU
		{DCC65F3E-7FC1-4812-8503-1B6BDDAC4C6B}.Debug|Any CPU.ActiveCfg = Debug|Any CPU
		{DCC65F3E-7FC1-4812-8503-1B6BDDAC4C6B}.Debug|Any CPU.Build.0 = Debug|Any CPU
		{DCC65F3E-7FC1-4812-8503-1B6BDDAC4C6B}.Debug|x64.ActiveCfg = Debug|Any CPU
		{DCC65F3E-7FC1-4812-8503-1B6BDDAC4C6B}.Debug|x64.Build.0 = Debug|Any CPU
		{DCC65F3E-7FC1-4812-8503-1B6BDDAC4C6B}.Debug|x86.ActiveCfg = Debug|Any CPU
		{DCC65F3E-7FC1-4812-8503-1B6BDDAC4C6B}.Debug|x86.Build.0 = Debug|Any CPU
		{DCC65F3E-7FC1-4812-8503-1B6BDDAC4C6B}.Release|Any CPU.ActiveCfg = Release|Any CPU
		{DCC65F3E-7FC1-4812-8503-1B6BDDAC4C6B}.Release|Any CPU.Build.0 = Release|Any CPU
		{DCC65F3E-7FC1-4812-8503-1B6BDDAC4C6B}.Release|x64.ActiveCfg = Release|Any CPU
		{DCC65F3E-7FC1-4812-8503-1B6BDDAC4C6B}.Release|x64.Build.0 = Release|Any CPU
		{DCC65F3E-7FC1-4812-8503-1B6BDDAC4C6B}.Release|x86.ActiveCfg = Release|Any CPU
		{DCC65F3E-7FC1-4812-8503-1B6BDDAC4C6B}.Release|x86.Build.0 = Release|Any CPU
		{597F82FC-276A-4334-B5B9-C9A4CDB17116}.Debug|Any CPU.ActiveCfg = Debug|Any CPU
		{597F82FC-276A-4334-B5B9-C9A4CDB17116}.Debug|Any CPU.Build.0 = Debug|Any CPU
		{597F82FC-276A-4334-B5B9-C9A4CDB17116}.Debug|x64.ActiveCfg = Debug|Any CPU
		{597F82FC-276A-4334-B5B9-C9A4CDB17116}.Debug|x64.Build.0 = Debug|Any CPU
		{597F82FC-276A-4334-B5B9-C9A4CDB17116}.Debug|x86.ActiveCfg = Debug|Any CPU
		{597F82FC-276A-4334-B5B9-C9A4CDB17116}.Debug|x86.Build.0 = Debug|Any CPU
		{597F82FC-276A-4334-B5B9-C9A4CDB17116}.Release|Any CPU.ActiveCfg = Release|Any CPU
		{597F82FC-276A-4334-B5B9-C9A4CDB17116}.Release|Any CPU.Build.0 = Release|Any CPU
		{597F82FC-276A-4334-B5B9-C9A4CDB17116}.Release|x64.ActiveCfg = Release|Any CPU
		{597F82FC-276A-4334-B5B9-C9A4CDB17116}.Release|x64.Build.0 = Release|Any CPU
		{597F82FC-276A-4334-B5B9-C9A4CDB17116}.Release|x86.ActiveCfg = Release|Any CPU
		{597F82FC-276A-4334-B5B9-C9A4CDB17116}.Release|x86.Build.0 = Release|Any CPU
		{A301CFB3-9FFE-42E1-A986-3EF492EB7753}.Debug|Any CPU.ActiveCfg = Debug|Any CPU
		{A301CFB3-9FFE-42E1-A986-3EF492EB7753}.Debug|Any CPU.Build.0 = Debug|Any CPU
		{A301CFB3-9FFE-42E1-A986-3EF492EB7753}.Debug|x64.ActiveCfg = Debug|Any CPU
		{A301CFB3-9FFE-42E1-A986-3EF492EB7753}.Debug|x64.Build.0 = Debug|Any CPU
		{A301CFB3-9FFE-42E1-A986-3EF492EB7753}.Debug|x86.ActiveCfg = Debug|Any CPU
		{A301CFB3-9FFE-42E1-A986-3EF492EB7753}.Debug|x86.Build.0 = Debug|Any CPU
		{A301CFB3-9FFE-42E1-A986-3EF492EB7753}.Release|Any CPU.ActiveCfg = Release|Any CPU
		{A301CFB3-9FFE-42E1-A986-3EF492EB7753}.Release|Any CPU.Build.0 = Release|Any CPU
		{A301CFB3-9FFE-42E1-A986-3EF492EB7753}.Release|x64.ActiveCfg = Release|Any CPU
		{A301CFB3-9FFE-42E1-A986-3EF492EB7753}.Release|x64.Build.0 = Release|Any CPU
		{A301CFB3-9FFE-42E1-A986-3EF492EB7753}.Release|x86.ActiveCfg = Release|Any CPU
		{A301CFB3-9FFE-42E1-A986-3EF492EB7753}.Release|x86.Build.0 = Release|Any CPU
		{0C75F76F-9034-4A97-9944-B9DF0DA55D07}.Debug|Any CPU.ActiveCfg = Debug|Any CPU
		{0C75F76F-9034-4A97-9944-B9DF0DA55D07}.Debug|x64.ActiveCfg = Debug|Any CPU
		{0C75F76F-9034-4A97-9944-B9DF0DA55D07}.Debug|x86.ActiveCfg = Debug|Any CPU
		{0C75F76F-9034-4A97-9944-B9DF0DA55D07}.Release|Any CPU.ActiveCfg = Release|Any CPU
		{0C75F76F-9034-4A97-9944-B9DF0DA55D07}.Release|x64.ActiveCfg = Release|Any CPU
		{0C75F76F-9034-4A97-9944-B9DF0DA55D07}.Release|x86.ActiveCfg = Release|Any CPU
	EndGlobalSection
	GlobalSection(SolutionProperties) = preSolution
		HideSolutionNode = FALSE
	EndGlobalSection
	GlobalSection(NestedProjects) = preSolution
		{FB53E108-E3D6-42E0-9FB6-52F9479B9382} = {827E0CD3-B72D-47B6-A68D-7590B98EB39B}
		{5D59F798-3E0F-49B2-AF84-31EF48B05D34} = {827E0CD3-B72D-47B6-A68D-7590B98EB39B}
		{32147050-D78B-4A51-8D23-69F05C5BEED4} = {827E0CD3-B72D-47B6-A68D-7590B98EB39B}
		{924F05A1-A40C-400D-B33A-9FF7959D40A5} = {827E0CD3-B72D-47B6-A68D-7590B98EB39B}
		{F0F1243E-C5BC-47CD-9BB0-5F1AE0CBBF3F} = {0AB3BF05-4346-4AA6-1389-037BE0695223}
		{DCC65F3E-7FC1-4812-8503-1B6BDDAC4C6B} = {827E0CD3-B72D-47B6-A68D-7590B98EB39B}
		{597F82FC-276A-4334-B5B9-C9A4CDB17116} = {827E0CD3-B72D-47B6-A68D-7590B98EB39B}
		{A301CFB3-9FFE-42E1-A986-3EF492EB7753} = {827E0CD3-B72D-47B6-A68D-7590B98EB39B}
		{0C75F76F-9034-4A97-9944-B9DF0DA55D07} = {827E0CD3-B72D-47B6-A68D-7590B98EB39B}
	EndGlobalSection
EndGlobal
